
Microsoft Visual Studio Solution File, Format Version 12.00
# Visual Studio Version 17
VisualStudioVersion = 17.0.31903.59
MinimumVisualStudioVersion = 10.0.40219.1
Project("{FAE04EC0-301F-11D3-BF4B-00C04F79EFBC}") = "CryptoExchanges.Net.Core", "src\CryptoExchanges.Net.Core\CryptoExchanges.Net.Core.csproj", "{A1B2C3D4-E5F6-7890-ABCD-EF1234567890}"
EndProject
Project("{FAE04EC0-301F-11D3-BF4B-00C04F79EFBC}") = "CryptoExchanges.Net.Binance", "src\CryptoExchanges.Net.Binance\CryptoExchanges.Net.Binance.csproj", "{B2C3D4E5-F6A7-8901-BCDE-F12345678901}"
EndProject
Project("{FAE04EC0-301F-11D3-BF4B-00C04F79EFBC}") = "CryptoExchanges.Net", "src\CryptoExchanges.Net\CryptoExchanges.Net.csproj", "{C3D4E5F6-A7B8-9012-CDEF-123456789012}"
EndProject
Project("{FAE04EC0-301F-11D3-BF4B-00C04F79EFBC}") = "CryptoExchanges.Net.Bybit", "src\CryptoExchanges.Net.Bybit\CryptoExchanges.Net.Bybit.csproj", "{D5E6F7A8-B9C0-1234-ABCD-567890123456}"
EndProject
Project("{FAE04EC0-301F-11D3-BF4B-00C04F79EFBC}") = "CryptoExchanges.Net.Core.Tests", "tests\CryptoExchanges.Net.Core.Tests.Unit\CryptoExchanges.Net.Core.Tests.csproj", "{D4E5F6A7-B8C9-0123-DEFA-234567890123}"
EndProject
Project("{FAE04EC0-301F-11D3-BF4B-00C04F79EFBC}") = "BasicUsage", "samples\BasicUsage\BasicUsage.csproj", "{E5F6A7B8-C9D0-1234-EFAB-345678901234}"
EndProject
Project("{FAE04EC0-301F-11D3-BF4B-00C04F79EFBC}") = "CryptoExchanges.Net.IntegrationTests", "tests\CryptoExchanges.Net.Binance.Tests.Integration\CryptoExchanges.Net.IntegrationTests.csproj", "{F6A7B8C9-D0E1-2345-FABC-456789012345}"
EndProject
Project("{2150E333-8FDC-42A3-9474-1A3956D46DE8}") = "src", "src", "{827E0CD3-B72D-47B6-A68D-7590B98EB39B}"
EndProject
Project("{FAE04EC0-301F-11D3-BF4B-00C04F79EFBC}") = "CryptoExchanges.Net.Http", "src\CryptoExchanges.Net.Http\CryptoExchanges.Net.Http.csproj", "{CACCCCB7-3DE9-4994-A2A1-00FA1DA812F6}"
EndProject
Project("{2150E333-8FDC-42A3-9474-1A3956D46DE8}") = "tests", "tests", "{0AB3BF05-4346-4AA6-1389-037BE0695223}"
EndProject
Project("{FAE04EC0-301F-11D3-BF4B-00C04F79EFBC}") = "CryptoExchanges.Net.Http.Tests.Unit", "tests\CryptoExchanges.Net.Http.Tests.Unit\CryptoExchanges.Net.Http.Tests.Unit.csproj", "{4FEED444-D856-4DFE-8A57-20E54F638C77}"
EndProject
Project("{FAE04EC0-301F-11D3-BF4B-00C04F79EFBC}") = "CryptoExchanges.Net.Tests.Unit", "tests\CryptoExchanges.Net.Tests.Unit\CryptoExchanges.Net.Tests.Unit.csproj", "{A552E3A1-3728-4BA3-8DB8-8EC84EF8288E}"
EndProject
Project("{FAE04EC0-301F-11D3-BF4B-00C04F79EFBC}") = "CryptoExchanges.Net.Bybit.Tests.Unit", "tests\CryptoExchanges.Net.Bybit.Tests.Unit\CryptoExchanges.Net.Bybit.Tests.Unit.csproj", "{B1C2D3E4-F5A6-4789-9ABC-DEF012345601}"
EndProject
Project("{FAE04EC0-301F-11D3-BF4B-00C04F79EFBC}") = "CryptoExchanges.Net.Bybit.Tests.Integration", "tests\CryptoExchanges.Net.Bybit.Tests.Integration\CryptoExchanges.Net.Bybit.Tests.Integration.csproj", "{C2D3E4F5-A6B7-4890-9BCD-EF0123456702}"
EndProject
Project("{FAE04EC0-301F-11D3-BF4B-00C04F79EFBC}") = "CryptoExchanges.Net.Okx", "src\CryptoExchanges.Net.Okx\CryptoExchanges.Net.Okx.csproj", "{179D89FC-030B-48CD-9893-D33E87FF1135}"
EndProject
Project("{FAE04EC0-301F-11D3-BF4B-00C04F79EFBC}") = "CryptoExchanges.Net.Okx.Tests.Unit", "tests\CryptoExchanges.Net.Okx.Tests.Unit\CryptoExchanges.Net.Okx.Tests.Unit.csproj", "{66951EE4-0185-4F92-9C80-B8C7B8D9A761}"
EndProject
Project("{FAE04EC0-301F-11D3-BF4B-00C04F79EFBC}") = "CryptoExchanges.Net.Okx.Tests.Integration", "tests\CryptoExchanges.Net.Okx.Tests.Integration\CryptoExchanges.Net.Okx.Tests.Integration.csproj", "{FE28B1F8-2DA1-4A94-974C-43AA8BEA40B7}"
EndProject
Project("{FAE04EC0-301F-11D3-BF4B-00C04F79EFBC}") = "CryptoExchanges.Net.Bitget", "src\CryptoExchanges.Net.Bitget\CryptoExchanges.Net.Bitget.csproj", "{975387A7-B48B-4FD2-96F0-238BA8580CBC}"
EndProject
Project("{FAE04EC0-301F-11D3-BF4B-00C04F79EFBC}") = "CryptoExchanges.Net.Bitget.Tests.Unit", "tests\CryptoExchanges.Net.Bitget.Tests.Unit\CryptoExchanges.Net.Bitget.Tests.Unit.csproj", "{F576E841-7626-42CC-A075-33A5A202630F}"
EndProject
Project("{FAE04EC0-301F-11D3-BF4B-00C04F79EFBC}") = "CryptoExchanges.Net.Bitget.Tests.Integration", "tests\CryptoExchanges.Net.Bitget.Tests.Integration\CryptoExchanges.Net.Bitget.Tests.Integration.csproj", "{B14807A0-7583-47E5-B14E-C5D20C2ADFDF}"
EndProject
Project("{FAE04EC0-301F-11D3-BF4B-00C04F79EFBC}") = "CryptoExchanges.Net.Mcp", "src\CryptoExchanges.Net.Mcp\CryptoExchanges.Net.Mcp.csproj", "{4FEE0B63-0BF4-4E66-B924-DB1BD936D93D}"
EndProject
Project("{FAE04EC0-301F-11D3-BF4B-00C04F79EFBC}") = "CryptoExchanges.Net.Mcp.Tests.Unit", "tests\CryptoExchanges.Net.Mcp.Tests.Unit\CryptoExchanges.Net.Mcp.Tests.Unit.csproj", "{8E1EA724-F7D2-4B9A-BBBB-1C53974C1DA2}"
EndProject
Project("{FAE04EC0-301F-11D3-BF4B-00C04F79EFBC}") = "CryptoExchanges.Net.Binance.Tests.Unit", "tests\CryptoExchanges.Net.Binance.Tests.Unit\CryptoExchanges.Net.Binance.Tests.Unit.csproj", "{48857E22-8F09-4226-B7BB-2770440B8742}"
EndProject
Project("{FAE04EC0-301F-11D3-BF4B-00C04F79EFBC}") = "CryptoExchanges.Net.Kucoin", "src\CryptoExchanges.Net.Kucoin\CryptoExchanges.Net.Kucoin.csproj", "{9A336915-9724-4655-8617-50ECF396C5A1}"
EndProject
Project("{FAE04EC0-301F-11D3-BF4B-00C04F79EFBC}") = "CryptoExchanges.Net.Kucoin.Tests.Unit", "tests\CryptoExchanges.Net.Kucoin.Tests.Unit\CryptoExchanges.Net.Kucoin.Tests.Unit.csproj", "{784E504C-2498-48AA-A08D-22FF9D6D0837}"
EndProject
Project("{FAE04EC0-301F-11D3-BF4B-00C04F79EFBC}") = "CryptoExchanges.Net.Kucoin.Tests.Integration", "tests\CryptoExchanges.Net.Kucoin.Tests.Integration\CryptoExchanges.Net.Kucoin.Tests.Integration.csproj", "{6724D109-A325-4D12-AEE9-BD47297EDEA4}"
EndProject
Project("{FAE04EC0-301F-11D3-BF4B-00C04F79EFBC}") = "CryptoExchanges.Net.Coinbase", "src\CryptoExchanges.Net.Coinbase\CryptoExchanges.Net.Coinbase.csproj", "{55A49280-F2D0-4444-9661-76DA7C92A12E}"
EndProject
Project("{FAE04EC0-301F-11D3-BF4B-00C04F79EFBC}") = "CryptoExchanges.Net.Coinbase.Tests.Unit", "tests\CryptoExchanges.Net.Coinbase.Tests.Unit\CryptoExchanges.Net.Coinbase.Tests.Unit.csproj", "{E6090625-5871-4B87-B638-D9F0BA851AC5}"
EndProject
Project("{FAE04EC0-301F-11D3-BF4B-00C04F79EFBC}") = "CryptoExchanges.Net.Coinbase.Tests.Integration", "tests\CryptoExchanges.Net.Coinbase.Tests.Integration\CryptoExchanges.Net.Coinbase.Tests.Integration.csproj", "{4B1D1C74-C169-4BEE-BC38-C10BDDE954E0}"
EndProject
Project("{FAE04EC0-301F-11D3-BF4B-00C04F79EFBC}") = "CryptoExchanges.Net.Kraken", "src\CryptoExchanges.Net.Kraken\CryptoExchanges.Net.Kraken.csproj", "{CC1008B3-5C38-470A-A500-E8E1429A6844}"
EndProject
Project("{FAE04EC0-301F-11D3-BF4B-00C04F79EFBC}") = "CryptoExchanges.Net.Kraken.Tests.Unit", "tests\CryptoExchanges.Net.Kraken.Tests.Unit\CryptoExchanges.Net.Kraken.Tests.Unit.csproj", "{8244554D-1F8C-4D6E-960A-F7EB10977C8B}"
EndProject
Project("{FAE04EC0-301F-11D3-BF4B-00C04F79EFBC}") = "CryptoExchanges.Net.Kraken.Tests.Integration", "tests\CryptoExchanges.Net.Kraken.Tests.Integration\CryptoExchanges.Net.Kraken.Tests.Integration.csproj", "{F6737B83-2D48-497D-B075-9F150BFC1615}"
EndProject
Global
	GlobalSection(SolutionConfigurationPlatforms) = preSolution
		Debug|Any CPU = Debug|Any CPU
		Debug|x64 = Debug|x64
		Debug|x86 = Debug|x86
		Release|Any CPU = Release|Any CPU
		Release|x64 = Release|x64
		Release|x86 = Release|x86
	EndGlobalSection
	GlobalSection(ProjectConfigurationPlatforms) = postSolution
		{A1B2C3D4-E5F6-7890-ABCD-EF1234567890}.Debug|Any CPU.ActiveCfg = Debug|Any CPU
		{A1B2C3D4-E5F6-7890-ABCD-EF1234567890}.Debug|Any CPU.Build.0 = Debug|Any CPU
		{A1B2C3D4-E5F6-7890-ABCD-EF1234567890}.Debug|x64.ActiveCfg = Debug|Any CPU
		{A1B2C3D4-E5F6-7890-ABCD-EF1234567890}.Debug|x64.Build.0 = Debug|Any CPU
		{A1B2C3D4-E5F6-7890-ABCD-EF1234567890}.Debug|x86.ActiveCfg = Debug|Any CPU
		{A1B2C3D4-E5F6-7890-ABCD-EF1234567890}.Debug|x86.Build.0 = Debug|Any CPU
		{A1B2C3D4-E5F6-7890-ABCD-EF1234567890}.Release|Any CPU.ActiveCfg = Release|Any CPU
		{A1B2C3D4-E5F6-7890-ABCD-EF1234567890}.Release|Any CPU.Build.0 = Release|Any CPU
		{A1B2C3D4-E5F6-7890-ABCD-EF1234567890}.Release|x64.ActiveCfg = Release|Any CPU
		{A1B2C3D4-E5F6-7890-ABCD-EF1234567890}.Release|x64.Build.0 = Release|Any CPU
		{A1B2C3D4-E5F6-7890-ABCD-EF1234567890}.Release|x86.ActiveCfg = Release|Any CPU
		{A1B2C3D4-E5F6-7890-ABCD-EF1234567890}.Release|x86.Build.0 = Release|Any CPU
		{B2C3D4E5-F6A7-8901-BCDE-F12345678901}.Debug|Any CPU.ActiveCfg = Debug|Any CPU
		{B2C3D4E5-F6A7-8901-BCDE-F12345678901}.Debug|Any CPU.Build.0 = Debug|Any CPU
		{B2C3D4E5-F6A7-8901-BCDE-F12345678901}.Debug|x64.ActiveCfg = Debug|Any CPU
		{B2C3D4E5-F6A7-8901-BCDE-F12345678901}.Debug|x64.Build.0 = Debug|Any CPU
		{B2C3D4E5-F6A7-8901-BCDE-F12345678901}.Debug|x86.ActiveCfg = Debug|Any CPU
		{B2C3D4E5-F6A7-8901-BCDE-F12345678901}.Debug|x86.Build.0 = Debug|Any CPU
		{B2C3D4E5-F6A7-8901-BCDE-F12345678901}.Release|Any CPU.ActiveCfg = Release|Any CPU
		{B2C3D4E5-F6A7-8901-BCDE-F12345678901}.Release|Any CPU.Build.0 = Release|Any CPU
		{B2C3D4E5-F6A7-8901-BCDE-F12345678901}.Release|x64.ActiveCfg = Release|Any CPU
		{B2C3D4E5-F6A7-8901-BCDE-F12345678901}.Release|x64.Build.0 = Release|Any CPU
		{B2C3D4E5-F6A7-8901-BCDE-F12345678901}.Release|x86.ActiveCfg = Release|Any CPU
		{B2C3D4E5-F6A7-8901-BCDE-F12345678901}.Release|x86.Build.0 = Release|Any CPU
		{C3D4E5F6-A7B8-9012-CDEF-123456789012}.Debug|Any CPU.ActiveCfg = Debug|Any CPU
		{C3D4E5F6-A7B8-9012-CDEF-123456789012}.Debug|Any CPU.Build.0 = Debug|Any CPU
		{C3D4E5F6-A7B8-9012-CDEF-123456789012}.Debug|x64.ActiveCfg = Debug|Any CPU
		{C3D4E5F6-A7B8-9012-CDEF-123456789012}.Debug|x64.Build.0 = Debug|Any CPU
		{C3D4E5F6-A7B8-9012-CDEF-123456789012}.Debug|x86.ActiveCfg = Debug|Any CPU
		{C3D4E5F6-A7B8-9012-CDEF-123456789012}.Debug|x86.Build.0 = Debug|Any CPU
		{C3D4E5F6-A7B8-9012-CDEF-123456789012}.Release|Any CPU.ActiveCfg = Release|Any CPU
		{C3D4E5F6-A7B8-9012-CDEF-123456789012}.Release|Any CPU.Build.0 = Release|Any CPU
		{C3D4E5F6-A7B8-9012-CDEF-123456789012}.Release|x64.ActiveCfg = Release|Any CPU
		{C3D4E5F6-A7B8-9012-CDEF-123456789012}.Release|x64.Build.0 = Release|Any CPU
		{C3D4E5F6-A7B8-9012-CDEF-123456789012}.Release|x86.ActiveCfg = Release|Any CPU
		{C3D4E5F6-A7B8-9012-CDEF-123456789012}.Release|x86.Build.0 = Release|Any CPU
		{D5E6F7A8-B9C0-1234-ABCD-567890123456}.Debug|Any CPU.ActiveCfg = Debug|Any CPU
		{D5E6F7A8-B9C0-1234-ABCD-567890123456}.Debug|Any CPU.Build.0 = Debug|Any CPU
		{D5E6F7A8-B9C0-1234-ABCD-567890123456}.Debug|x64.ActiveCfg = Debug|Any CPU
		{D5E6F7A8-B9C0-1234-ABCD-567890123456}.Debug|x64.Build.0 = Debug|Any CPU
		{D5E6F7A8-B9C0-1234-ABCD-567890123456}.Debug|x86.ActiveCfg = Debug|Any CPU
		{D5E6F7A8-B9C0-1234-ABCD-567890123456}.Debug|x86.Build.0 = Debug|Any CPU
		{D5E6F7A8-B9C0-1234-ABCD-567890123456}.Release|Any CPU.ActiveCfg = Release|Any CPU
		{D5E6F7A8-B9C0-1234-ABCD-567890123456}.Release|Any CPU.Build.0 = Release|Any CPU
		{D5E6F7A8-B9C0-1234-ABCD-567890123456}.Release|x64.ActiveCfg = Release|Any CPU
		{D5E6F7A8-B9C0-1234-ABCD-567890123456}.Release|x64.Build.0 = Release|Any CPU
		{D5E6F7A8-B9C0-1234-ABCD-567890123456}.Release|x86.ActiveCfg = Release|Any CPU
		{D5E6F7A8-B9C0-1234-ABCD-567890123456}.Release|x86.Build.0 = Release|Any CPU
		{D4E5F6A7-B8C9-0123-DEFA-234567890123}.Debug|Any CPU.ActiveCfg = Debug|Any CPU
		{D4E5F6A7-B8C9-0123-DEFA-234567890123}.Debug|Any CPU.Build.0 = Debug|Any CPU
		{D4E5F6A7-B8C9-0123-DEFA-234567890123}.Debug|x64.ActiveCfg = Debug|Any CPU
		{D4E5F6A7-B8C9-0123-DEFA-234567890123}.Debug|x64.Build.0 = Debug|Any CPU
		{D4E5F6A7-B8C9-0123-DEFA-234567890123}.Debug|x86.ActiveCfg = Debug|Any CPU
		{D4E5F6A7-B8C9-0123-DEFA-234567890123}.Debug|x86.Build.0 = Debug|Any CPU
		{D4E5F6A7-B8C9-0123-DEFA-234567890123}.Release|Any CPU.ActiveCfg = Release|Any CPU
		{D4E5F6A7-B8C9-0123-DEFA-234567890123}.Release|Any CPU.Build.0 = Release|Any CPU
		{D4E5F6A7-B8C9-0123-DEFA-234567890123}.Release|x64.ActiveCfg = Release|Any CPU
		{D4E5F6A7-B8C9-0123-DEFA-234567890123}.Release|x64.Build.0 = Release|Any CPU
		{D4E5F6A7-B8C9-0123-DEFA-234567890123}.Release|x86.ActiveCfg = Release|Any CPU
		{D4E5F6A7-B8C9-0123-DEFA-234567890123}.Release|x86.Build.0 = Release|Any CPU
		{E5F6A7B8-C9D0-1234-EFAB-345678901234}.Debug|Any CPU.ActiveCfg = Debug|Any CPU
		{E5F6A7B8-C9D0-1234-EFAB-345678901234}.Debug|Any CPU.Build.0 = Debug|Any CPU
		{E5F6A7B8-C9D0-1234-EFAB-345678901234}.Debug|x64.ActiveCfg = Debug|Any CPU
		{E5F6A7B8-C9D0-1234-EFAB-345678901234}.Debug|x64.Build.0 = Debug|Any CPU
		{E5F6A7B8-C9D0-1234-EFAB-345678901234}.Debug|x86.ActiveCfg = Debug|Any CPU
		{E5F6A7B8-C9D0-1234-EFAB-345678901234}.Debug|x86.Build.0 = Debug|Any CPU
		{E5F6A7B8-C9D0-1234-EFAB-345678901234}.Release|Any CPU.ActiveCfg = Release|Any CPU
		{E5F6A7B8-C9D0-1234-EFAB-345678901234}.Release|Any CPU.Build.0 = Release|Any CPU
		{E5F6A7B8-C9D0-1234-EFAB-345678901234}.Release|x64.ActiveCfg = Release|Any CPU
		{E5F6A7B8-C9D0-1234-EFAB-345678901234}.Release|x64.Build.0 = Release|Any CPU
		{E5F6A7B8-C9D0-1234-EFAB-345678901234}.Release|x86.ActiveCfg = Release|Any CPU
		{E5F6A7B8-C9D0-1234-EFAB-345678901234}.Release|x86.Build.0 = Release|Any CPU
		{F6A7B8C9-D0E1-2345-FABC-456789012345}.Debug|Any CPU.ActiveCfg = Debug|Any CPU
		{F6A7B8C9-D0E1-2345-FABC-456789012345}.Debug|Any CPU.Build.0 = Debug|Any CPU
		{F6A7B8C9-D0E1-2345-FABC-456789012345}.Debug|x64.ActiveCfg = Debug|Any CPU
		{F6A7B8C9-D0E1-2345-FABC-456789012345}.Debug|x64.Build.0 = Debug|Any CPU
		{F6A7B8C9-D0E1-2345-FABC-456789012345}.Debug|x86.ActiveCfg = Debug|Any CPU
		{F6A7B8C9-D0E1-2345-FABC-456789012345}.Debug|x86.Build.0 = Debug|Any CPU
		{F6A7B8C9-D0E1-2345-FABC-456789012345}.Release|Any CPU.ActiveCfg = Release|Any CPU
		{F6A7B8C9-D0E1-2345-FABC-456789012345}.Release|Any CPU.Build.0 = Release|Any CPU
		{F6A7B8C9-D0E1-2345-FABC-456789012345}.Release|x64.ActiveCfg = Release|Any CPU
		{F6A7B8C9-D0E1-2345-FABC-456789012345}.Release|x64.Build.0 = Release|Any CPU
		{F6A7B8C9-D0E1-2345-FABC-456789012345}.Release|x86.ActiveCfg = Release|Any CPU
		{F6A7B8C9-D0E1-2345-FABC-456789012345}.Release|x86.Build.0 = Release|Any CPU
		{CACCCCB7-3DE9-4994-A2A1-00FA1DA812F6}.Debug|Any CPU.ActiveCfg = Debug|Any CPU
		{CACCCCB7-3DE9-4994-A2A1-00FA1DA812F6}.Debug|Any CPU.Build.0 = Debug|Any CPU
		{CACCCCB7-3DE9-4994-A2A1-00FA1DA812F6}.Debug|x64.ActiveCfg = Debug|Any CPU
		{CACCCCB7-3DE9-4994-A2A1-00FA1DA812F6}.Debug|x64.Build.0 = Debug|Any CPU
		{CACCCCB7-3DE9-4994-A2A1-00FA1DA812F6}.Debug|x86.ActiveCfg = Debug|Any CPU
		{CACCCCB7-3DE9-4994-A2A1-00FA1DA812F6}.Debug|x86.Build.0 = Debug|Any CPU
		{CACCCCB7-3DE9-4994-A2A1-00FA1DA812F6}.Release|Any CPU.ActiveCfg = Release|Any CPU
		{CACCCCB7-3DE9-4994-A2A1-00FA1DA812F6}.Release|Any CPU.Build.0 = Release|Any CPU
		{CACCCCB7-3DE9-4994-A2A1-00FA1DA812F6}.Release|x64.ActiveCfg = Release|Any CPU
		{CACCCCB7-3DE9-4994-A2A1-00FA1DA812F6}.Release|x64.Build.0 = Release|Any CPU
		{CACCCCB7-3DE9-4994-A2A1-00FA1DA812F6}.Release|x86.ActiveCfg = Release|Any CPU
		{CACCCCB7-3DE9-4994-A2A1-00FA1DA812F6}.Release|x86.Build.0 = Release|Any CPU
		{4FEED444-D856-4DFE-8A57-20E54F638C77}.Debug|Any CPU.ActiveCfg = Debug|Any CPU
		{4FEED444-D856-4DFE-8A57-20E54F638C77}.Debug|Any CPU.Build.0 = Debug|Any CPU
		{4FEED444-D856-4DFE-8A57-20E54F638C77}.Debug|x64.ActiveCfg = Debug|Any CPU
		{4FEED444-D856-4DFE-8A57-20E54F638C77}.Debug|x64.Build.0 = Debug|Any CPU
		{4FEED444-D856-4DFE-8A57-20E54F638C77}.Debug|x86.ActiveCfg = Debug|Any CPU
		{4FEED444-D856-4DFE-8A57-20E54F638C77}.Debug|x86.Build.0 = Debug|Any CPU
		{4FEED444-D856-4DFE-8A57-20E54F638C77}.Release|Any CPU.ActiveCfg = Release|Any CPU
		{4FEED444-D856-4DFE-8A57-20E54F638C77}.Release|Any CPU.Build.0 = Release|Any CPU
		{4FEED444-D856-4DFE-8A57-20E54F638C77}.Release|x64.ActiveCfg = Release|Any CPU
		{4FEED444-D856-4DFE-8A57-20E54F638C77}.Release|x64.Build.0 = Release|Any CPU
		{4FEED444-D856-4DFE-8A57-20E54F638C77}.Release|x86.ActiveCfg = Release|Any CPU
		{4FEED444-D856-4DFE-8A57-20E54F638C77}.Release|x86.Build.0 = Release|Any CPU
		{A552E3A1-3728-4BA3-8DB8-8EC84EF8288E}.Debug|Any CPU.ActiveCfg = Debug|Any CPU
		{A552E3A1-3728-4BA3-8DB8-8EC84EF8288E}.Debug|Any CPU.Build.0 = Debug|Any CPU
		{A552E3A1-3728-4BA3-8DB8-8EC84EF8288E}.Debug|x64.ActiveCfg = Debug|Any CPU
		{A552E3A1-3728-4BA3-8DB8-8EC84EF8288E}.Debug|x64.Build.0 = Debug|Any CPU
		{A552E3A1-3728-4BA3-8DB8-8EC84EF8288E}.Debug|x86.ActiveCfg = Debug|Any CPU
		{A552E3A1-3728-4BA3-8DB8-8EC84EF8288E}.Debug|x86.Build.0 = Debug|Any CPU
		{A552E3A1-3728-4BA3-8DB8-8EC84EF8288E}.Release|Any CPU.ActiveCfg = Release|Any CPU
		{A552E3A1-3728-4BA3-8DB8-8EC84EF8288E}.Release|Any CPU.Build.0 = Release|Any CPU
		{A552E3A1-3728-4BA3-8DB8-8EC84EF8288E}.Release|x64.ActiveCfg = Release|Any CPU
		{A552E3A1-3728-4BA3-8DB8-8EC84EF8288E}.Release|x64.Build.0 = Release|Any CPU
		{A552E3A1-3728-4BA3-8DB8-8EC84EF8288E}.Release|x86.ActiveCfg = Release|Any CPU
		{A552E3A1-3728-4BA3-8DB8-8EC84EF8288E}.Release|x86.Build.0 = Release|Any CPU
		{B1C2D3E4-F5A6-4789-9ABC-DEF012345601}.Debug|Any CPU.ActiveCfg = Debug|Any CPU
		{B1C2D3E4-F5A6-4789-9ABC-DEF012345601}.Debug|Any CPU.Build.0 = Debug|Any CPU
		{B1C2D3E4-F5A6-4789-9ABC-DEF012345601}.Debug|x64.ActiveCfg = Debug|Any CPU
		{B1C2D3E4-F5A6-4789-9ABC-DEF012345601}.Debug|x64.Build.0 = Debug|Any CPU
		{B1C2D3E4-F5A6-4789-9ABC-DEF012345601}.Debug|x86.ActiveCfg = Debug|Any CPU
		{B1C2D3E4-F5A6-4789-9ABC-DEF012345601}.Debug|x86.Build.0 = Debug|Any CPU
		{B1C2D3E4-F5A6-4789-9ABC-DEF012345601}.Release|Any CPU.ActiveCfg = Release|Any CPU
		{B1C2D3E4-F5A6-4789-9ABC-DEF012345601}.Release|Any CPU.Build.0 = Release|Any CPU
		{B1C2D3E4-F5A6-4789-9ABC-DEF012345601}.Release|x64.ActiveCfg = Release|Any CPU
		{B1C2D3E4-F5A6-4789-9ABC-DEF012345601}.Release|x64.Build.0 = Release|Any CPU
		{B1C2D3E4-F5A6-4789-9ABC-DEF012345601}.Release|x86.ActiveCfg = Release|Any CPU
		{B1C2D3E4-F5A6-4789-9ABC-DEF012345601}.Release|x86.Build.0 = Release|Any CPU
		{C2D3E4F5-A6B7-4890-9BCD-EF0123456702}.Debug|Any CPU.ActiveCfg = Debug|Any CPU
		{C2D3E4F5-A6B7-4890-9BCD-EF0123456702}.Debug|Any CPU.Build.0 = Debug|Any CPU
		{C2D3E4F5-A6B7-4890-9BCD-EF0123456702}.Debug|x64.ActiveCfg = Debug|Any CPU
		{C2D3E4F5-A6B7-4890-9BCD-EF0123456702}.Debug|x64.Build.0 = Debug|Any CPU
		{C2D3E4F5-A6B7-4890-9BCD-EF0123456702}.Debug|x86.ActiveCfg = Debug|Any CPU
		{C2D3E4F5-A6B7-4890-9BCD-EF0123456702}.Debug|x86.Build.0 = Debug|Any CPU
		{C2D3E4F5-A6B7-4890-9BCD-EF0123456702}.Release|Any CPU.ActiveCfg = Release|Any CPU
		{C2D3E4F5-A6B7-4890-9BCD-EF0123456702}.Release|Any CPU.Build.0 = Release|Any CPU
		{C2D3E4F5-A6B7-4890-9BCD-EF0123456702}.Release|x64.ActiveCfg = Release|Any CPU
		{C2D3E4F5-A6B7-4890-9BCD-EF0123456702}.Release|x64.Build.0 = Release|Any CPU
		{C2D3E4F5-A6B7-4890-9BCD-EF0123456702}.Release|x86.ActiveCfg = Release|Any CPU
		{C2D3E4F5-A6B7-4890-9BCD-EF0123456702}.Release|x86.Build.0 = Release|Any CPU
		{179D89FC-030B-48CD-9893-D33E87FF1135}.Debug|Any CPU.ActiveCfg = Debug|Any CPU
		{179D89FC-030B-48CD-9893-D33E87FF1135}.Debug|Any CPU.Build.0 = Debug|Any CPU
		{179D89FC-030B-48CD-9893-D33E87FF1135}.Debug|x64.ActiveCfg = Debug|Any CPU
		{179D89FC-030B-48CD-9893-D33E87FF1135}.Debug|x64.Build.0 = Debug|Any CPU
		{179D89FC-030B-48CD-9893-D33E87FF1135}.Debug|x86.ActiveCfg = Debug|Any CPU
		{179D89FC-030B-48CD-9893-D33E87FF1135}.Debug|x86.Build.0 = Debug|Any CPU
		{179D89FC-030B-48CD-9893-D33E87FF1135}.Release|Any CPU.ActiveCfg = Release|Any CPU
		{179D89FC-030B-48CD-9893-D33E87FF1135}.Release|Any CPU.Build.0 = Release|Any CPU
		{179D89FC-030B-48CD-9893-D33E87FF1135}.Release|x64.ActiveCfg = Release|Any CPU
		{179D89FC-030B-48CD-9893-D33E87FF1135}.Release|x64.Build.0 = Release|Any CPU
		{179D89FC-030B-48CD-9893-D33E87FF1135}.Release|x86.ActiveCfg = Release|Any CPU
		{179D89FC-030B-48CD-9893-D33E87FF1135}.Release|x86.Build.0 = Release|Any CPU
		{66951EE4-0185-4F92-9C80-B8C7B8D9A761}.Debug|Any CPU.ActiveCfg = Debug|Any CPU
		{66951EE4-0185-4F92-9C80-B8C7B8D9A761}.Debug|Any CPU.Build.0 = Debug|Any CPU
		{66951EE4-0185-4F92-9C80-B8C7B8D9A761}.Debug|x64.ActiveCfg = Debug|Any CPU
		{66951EE4-0185-4F92-9C80-B8C7B8D9A761}.Debug|x64.Build.0 = Debug|Any CPU
		{66951EE4-0185-4F92-9C80-B8C7B8D9A761}.Debug|x86.ActiveCfg = Debug|Any CPU
		{66951EE4-0185-4F92-9C80-B8C7B8D9A761}.Debug|x86.Build.0 = Debug|Any CPU
		{66951EE4-0185-4F92-9C80-B8C7B8D9A761}.Release|Any CPU.ActiveCfg = Release|Any CPU
		{66951EE4-0185-4F92-9C80-B8C7B8D9A761}.Release|Any CPU.Build.0 = Release|Any CPU
		{66951EE4-0185-4F92-9C80-B8C7B8D9A761}.Release|x64.ActiveCfg = Release|Any CPU
		{66951EE4-0185-4F92-9C80-B8C7B8D9A761}.Release|x64.Build.0 = Release|Any CPU
		{66951EE4-0185-4F92-9C80-B8C7B8D9A761}.Release|x86.ActiveCfg = Release|Any CPU
		{66951EE4-0185-4F92-9C80-B8C7B8D9A761}.Release|x86.Build.0 = Release|Any CPU
		{FE28B1F8-2DA1-4A94-974C-43AA8BEA40B7}.Debug|Any CPU.ActiveCfg = Debug|Any CPU
		{FE28B1F8-2DA1-4A94-974C-43AA8BEA40B7}.Debug|Any CPU.Build.0 = Debug|Any CPU
		{FE28B1F8-2DA1-4A94-974C-43AA8BEA40B7}.Debug|x64.ActiveCfg = Debug|Any CPU
		{FE28B1F8-2DA1-4A94-974C-43AA8BEA40B7}.Debug|x64.Build.0 = Debug|Any CPU
		{FE28B1F8-2DA1-4A94-974C-43AA8BEA40B7}.Debug|x86.ActiveCfg = Debug|Any CPU
		{FE28B1F8-2DA1-4A94-974C-43AA8BEA40B7}.Debug|x86.Build.0 = Debug|Any CPU
		{FE28B1F8-2DA1-4A94-974C-43AA8BEA40B7}.Release|Any CPU.ActiveCfg = Release|Any CPU
		{FE28B1F8-2DA1-4A94-974C-43AA8BEA40B7}.Release|Any CPU.Build.0 = Release|Any CPU
		{FE28B1F8-2DA1-4A94-974C-43AA8BEA40B7}.Release|x64.ActiveCfg = Release|Any CPU
		{FE28B1F8-2DA1-4A94-974C-43AA8BEA40B7}.Release|x64.Build.0 = Release|Any CPU
		{FE28B1F8-2DA1-4A94-974C-43AA8BEA40B7}.Release|x86.ActiveCfg = Release|Any CPU
		{FE28B1F8-2DA1-4A94-974C-43AA8BEA40B7}.Release|x86.Build.0 = Release|Any CPU
		{975387A7-B48B-4FD2-96F0-238BA8580CBC}.Debug|Any CPU.ActiveCfg = Debug|Any CPU
		{975387A7-B48B-4FD2-96F0-238BA8580CBC}.Debug|Any CPU.Build.0 = Debug|Any CPU
		{975387A7-B48B-4FD2-96F0-238BA8580CBC}.Debug|x64.ActiveCfg = Debug|Any CPU
		{975387A7-B48B-4FD2-96F0-238BA8580CBC}.Debug|x64.Build.0 = Debug|Any CPU
		{975387A7-B48B-4FD2-96F0-238BA8580CBC}.Debug|x86.ActiveCfg = Debug|Any CPU
		{975387A7-B48B-4FD2-96F0-238BA8580CBC}.Debug|x86.Build.0 = Debug|Any CPU
		{975387A7-B48B-4FD2-96F0-238BA8580CBC}.Release|Any CPU.ActiveCfg = Release|Any CPU
		{975387A7-B48B-4FD2-96F0-238BA8580CBC}.Release|Any CPU.Build.0 = Release|Any CPU
		{975387A7-B48B-4FD2-96F0-238BA8580CBC}.Release|x64.ActiveCfg = Release|Any CPU
		{975387A7-B48B-4FD2-96F0-238BA8580CBC}.Release|x64.Build.0 = Release|Any CPU
		{975387A7-B48B-4FD2-96F0-238BA8580CBC}.Release|x86.ActiveCfg = Release|Any CPU
		{975387A7-B48B-4FD2-96F0-238BA8580CBC}.Release|x86.Build.0 = Release|Any CPU
		{F576E841-7626-42CC-A075-33A5A202630F}.Debug|Any CPU.ActiveCfg = Debug|Any CPU
		{F576E841-7626-42CC-A075-33A5A202630F}.Debug|Any CPU.Build.0 = Debug|Any CPU
		{F576E841-7626-42CC-A075-33A5A202630F}.Debug|x64.ActiveCfg = Debug|Any CPU
		{F576E841-7626-42CC-A075-33A5A202630F}.Debug|x64.Build.0 = Debug|Any CPU
		{F576E841-7626-42CC-A075-33A5A202630F}.Debug|x86.ActiveCfg = Debug|Any CPU
		{F576E841-7626-42CC-A075-33A5A202630F}.Debug|x86.Build.0 = Debug|Any CPU
		{F576E841-7626-42CC-A075-33A5A202630F}.Release|Any CPU.ActiveCfg = Release|Any CPU
		{F576E841-7626-42CC-A075-33A5A202630F}.Release|Any CPU.Build.0 = Release|Any CPU
		{F576E841-7626-42CC-A075-33A5A202630F}.Release|x64.ActiveCfg = Release|Any CPU
		{F576E841-7626-42CC-A075-33A5A202630F}.Release|x64.Build.0 = Release|Any CPU
		{F576E841-7626-42CC-A075-33A5A202630F}.Release|x86.ActiveCfg = Release|Any CPU
		{F576E841-7626-42CC-A075-33A5A202630F}.Release|x86.Build.0 = Release|Any CPU
		{B14807A0-7583-47E5-B14E-C5D20C2ADFDF}.Debug|Any CPU.ActiveCfg = Debug|Any CPU
		{B14807A0-7583-47E5-B14E-C5D20C2ADFDF}.Debug|Any CPU.Build.0 = Debug|Any CPU
		{B14807A0-7583-47E5-B14E-C5D20C2ADFDF}.Debug|x64.ActiveCfg = Debug|Any CPU
		{B14807A0-7583-47E5-B14E-C5D20C2ADFDF}.Debug|x64.Build.0 = Debug|Any CPU
		{B14807A0-7583-47E5-B14E-C5D20C2ADFDF}.Debug|x86.ActiveCfg = Debug|Any CPU
		{B14807A0-7583-47E5-B14E-C5D20C2ADFDF}.Debug|x86.Build.0 = Debug|Any CPU
		{B14807A0-7583-47E5-B14E-C5D20C2ADFDF}.Release|Any CPU.ActiveCfg = Release|Any CPU
		{B14807A0-7583-47E5-B14E-C5D20C2ADFDF}.Release|Any CPU.Build.0 = Release|Any CPU
		{B14807A0-7583-47E5-B14E-C5D20C2ADFDF}.Release|x64.ActiveCfg = Release|Any CPU
		{B14807A0-7583-47E5-B14E-C5D20C2ADFDF}.Release|x64.Build.0 = Release|Any CPU
		{B14807A0-7583-47E5-B14E-C5D20C2ADFDF}.Release|x86.ActiveCfg = Release|Any CPU
		{B14807A0-7583-47E5-B14E-C5D20C2ADFDF}.Release|x86.Build.0 = Release|Any CPU
		{4FEE0B63-0BF4-4E66-B924-DB1BD936D93D}.Debug|Any CPU.ActiveCfg = Debug|Any CPU
		{4FEE0B63-0BF4-4E66-B924-DB1BD936D93D}.Debug|Any CPU.Build.0 = Debug|Any CPU
		{4FEE0B63-0BF4-4E66-B924-DB1BD936D93D}.Debug|x64.ActiveCfg = Debug|Any CPU
		{4FEE0B63-0BF4-4E66-B924-DB1BD936D93D}.Debug|x64.Build.0 = Debug|Any CPU
		{4FEE0B63-0BF4-4E66-B924-DB1BD936D93D}.Debug|x86.ActiveCfg = Debug|Any CPU
		{4FEE0B63-0BF4-4E66-B924-DB1BD936D93D}.Debug|x86.Build.0 = Debug|Any CPU
		{4FEE0B63-0BF4-4E66-B924-DB1BD936D93D}.Release|Any CPU.ActiveCfg = Release|Any CPU
		{4FEE0B63-0BF4-4E66-B924-DB1BD936D93D}.Release|Any CPU.Build.0 = Release|Any CPU
		{4FEE0B63-0BF4-4E66-B924-DB1BD936D93D}.Release|x64.ActiveCfg = Release|Any CPU
		{4FEE0B63-0BF4-4E66-B924-DB1BD936D93D}.Release|x64.Build.0 = Release|Any CPU
		{4FEE0B63-0BF4-4E66-B924-DB1BD936D93D}.Release|x86.ActiveCfg = Release|Any CPU
		{4FEE0B63-0BF4-4E66-B924-DB1BD936D93D}.Release|x86.Build.0 = Release|Any CPU
		{8E1EA724-F7D2-4B9A-BBBB-1C53974C1DA2}.Debug|Any CPU.ActiveCfg = Debug|Any CPU
		{8E1EA724-F7D2-4B9A-BBBB-1C53974C1DA2}.Debug|Any CPU.Build.0 = Debug|Any CPU
		{8E1EA724-F7D2-4B9A-BBBB-1C53974C1DA2}.Debug|x64.ActiveCfg = Debug|Any CPU
		{8E1EA724-F7D2-4B9A-BBBB-1C53974C1DA2}.Debug|x64.Build.0 = Debug|Any CPU
		{8E1EA724-F7D2-4B9A-BBBB-1C53974C1DA2}.Debug|x86.ActiveCfg = Debug|Any CPU
		{8E1EA724-F7D2-4B9A-BBBB-1C53974C1DA2}.Debug|x86.Build.0 = Debug|Any CPU
		{8E1EA724-F7D2-4B9A-BBBB-1C53974C1DA2}.Release|Any CPU.ActiveCfg = Release|Any CPU
		{8E1EA724-F7D2-4B9A-BBBB-1C53974C1DA2}.Release|Any CPU.Build.0 = Release|Any CPU
		{8E1EA724-F7D2-4B9A-BBBB-1C53974C1DA2}.Release|x64.ActiveCfg = Release|Any CPU
		{8E1EA724-F7D2-4B9A-BBBB-1C53974C1DA2}.Release|x64.Build.0 = Release|Any CPU
		{8E1EA724-F7D2-4B9A-BBBB-1C53974C1DA2}.Release|x86.ActiveCfg = Release|Any CPU
		{8E1EA724-F7D2-4B9A-BBBB-1C53974C1DA2}.Release|x86.Build.0 = Release|Any CPU
		{48857E22-8F09-4226-B7BB-2770440B8742}.Debug|Any CPU.ActiveCfg = Debug|Any CPU
		{48857E22-8F09-4226-B7BB-2770440B8742}.Debug|Any CPU.Build.0 = Debug|Any CPU
		{48857E22-8F09-4226-B7BB-2770440B8742}.Debug|x64.ActiveCfg = Debug|Any CPU
		{48857E22-8F09-4226-B7BB-2770440B8742}.Debug|x64.Build.0 = Debug|Any CPU
		{48857E22-8F09-4226-B7BB-2770440B8742}.Debug|x86.ActiveCfg = Debug|Any CPU
		{48857E22-8F09-4226-B7BB-2770440B8742}.Debug|x86.Build.0 = Debug|Any CPU
		{48857E22-8F09-4226-B7BB-2770440B8742}.Release|Any CPU.ActiveCfg = Release|Any CPU
		{48857E22-8F09-4226-B7BB-2770440B8742}.Release|Any CPU.Build.0 = Release|Any CPU
		{48857E22-8F09-4226-B7BB-2770440B8742}.Release|x64.ActiveCfg = Release|Any CPU
		{48857E22-8F09-4226-B7BB-2770440B8742}.Release|x64.Build.0 = Release|Any CPU
		{48857E22-8F09-4226-B7BB-2770440B8742}.Release|x86.ActiveCfg = Release|Any CPU
		{48857E22-8F09-4226-B7BB-2770440B8742}.Release|x86.Build.0 = Release|Any CPU
		{9A336915-9724-4655-8617-50ECF396C5A1}.Debug|Any CPU.ActiveCfg = Debug|Any CPU
		{9A336915-9724-4655-8617-50ECF396C5A1}.Debug|Any CPU.Build.0 = Debug|Any CPU
		{9A336915-9724-4655-8617-50ECF396C5A1}.Debug|x64.ActiveCfg = Debug|Any CPU
		{9A336915-9724-4655-8617-50ECF396C5A1}.Debug|x64.Build.0 = Debug|Any CPU
		{9A336915-9724-4655-8617-50ECF396C5A1}.Debug|x86.ActiveCfg = Debug|Any CPU
		{9A336915-9724-4655-8617-50ECF396C5A1}.Debug|x86.Build.0 = Debug|Any CPU
		{9A336915-9724-4655-8617-50ECF396C5A1}.Release|Any CPU.ActiveCfg = Release|Any CPU
		{9A336915-9724-4655-8617-50ECF396C5A1}.Release|Any CPU.Build.0 = Release|Any CPU
		{9A336915-9724-4655-8617-50ECF396C5A1}.Release|x64.ActiveCfg = Release|Any CPU
		{9A336915-9724-4655-8617-50ECF396C5A1}.Release|x64.Build.0 = Release|Any CPU
		{9A336915-9724-4655-8617-50ECF396C5A1}.Release|x86.ActiveCfg = Release|Any CPU
		{9A336915-9724-4655-8617-50ECF396C5A1}.Release|x86.Build.0 = Release|Any CPU
		{784E504C-2498-48AA-A08D-22FF9D6D0837}.Debug|Any CPU.ActiveCfg = Debug|Any CPU
		{784E504C-2498-48AA-A08D-22FF9D6D0837}.Debug|Any CPU.Build.0 = Debug|Any CPU
		{784E504C-2498-48AA-A08D-22FF9D6D0837}.Debug|x64.ActiveCfg = Debug|Any CPU
		{784E504C-2498-48AA-A08D-22FF9D6D0837}.Debug|x64.Build.0 = Debug|Any CPU
		{784E504C-2498-48AA-A08D-22FF9D6D0837}.Debug|x86.ActiveCfg = Debug|Any CPU
		{784E504C-2498-48AA-A08D-22FF9D6D0837}.Debug|x86.Build.0 = Debug|Any CPU
		{784E504C-2498-48AA-A08D-22FF9D6D0837}.Release|Any CPU.ActiveCfg = Release|Any CPU
		{784E504C-2498-48AA-A08D-22FF9D6D0837}.Release|Any CPU.Build.0 = Release|Any CPU
		{784E504C-2498-48AA-A08D-22FF9D6D0837}.Release|x64.ActiveCfg = Release|Any CPU
		{784E504C-2498-48AA-A08D-22FF9D6D0837}.Release|x64.Build.0 = Release|Any CPU
		{784E504C-2498-48AA-A08D-22FF9D6D0837}.Release|x86.ActiveCfg = Release|Any CPU
		{784E504C-2498-48AA-A08D-22FF9D6D0837}.Release|x86.Build.0 = Release|Any CPU
		{6724D109-A325-4D12-AEE9-BD47297EDEA4}.Debug|Any CPU.ActiveCfg = Debug|Any CPU
		{6724D109-A325-4D12-AEE9-BD47297EDEA4}.Debug|Any CPU.Build.0 = Debug|Any CPU
		{6724D109-A325-4D12-AEE9-BD47297EDEA4}.Debug|x64.ActiveCfg = Debug|Any CPU
		{6724D109-A325-4D12-AEE9-BD47297EDEA4}.Debug|x64.Build.0 = Debug|Any CPU
		{6724D109-A325-4D12-AEE9-BD47297EDEA4}.Debug|x86.ActiveCfg = Debug|Any CPU
		{6724D109-A325-4D12-AEE9-BD47297EDEA4}.Debug|x86.Build.0 = Debug|Any CPU
		{6724D109-A325-4D12-AEE9-BD47297EDEA4}.Release|Any CPU.ActiveCfg = Release|Any CPU
		{6724D109-A325-4D12-AEE9-BD47297EDEA4}.Release|Any CPU.Build.0 = Release|Any CPU
		{6724D109-A325-4D12-AEE9-BD47297EDEA4}.Release|x64.ActiveCfg = Release|Any CPU
		{6724D109-A325-4D12-AEE9-BD47297EDEA4}.Release|x64.Build.0 = Release|Any CPU
		{6724D109-A325-4D12-AEE9-BD47297EDEA4}.Release|x86.ActiveCfg = Release|Any CPU
		{6724D109-A325-4D12-AEE9-BD47297EDEA4}.Release|x86.Build.0 = Release|Any CPU
		{55A49280-F2D0-4444-9661-76DA7C92A12E}.Debug|Any CPU.ActiveCfg = Debug|Any CPU
		{55A49280-F2D0-4444-9661-76DA7C92A12E}.Debug|Any CPU.Build.0 = Debug|Any CPU
		{55A49280-F2D0-4444-9661-76DA7C92A12E}.Debug|x64.ActiveCfg = Debug|Any CPU
		{55A49280-F2D0-4444-9661-76DA7C92A12E}.Debug|x64.Build.0 = Debug|Any CPU
		{55A49280-F2D0-4444-9661-76DA7C92A12E}.Debug|x86.ActiveCfg = Debug|Any CPU
		{55A49280-F2D0-4444-9661-76DA7C92A12E}.Debug|x86.Build.0 = Debug|Any CPU
		{55A49280-F2D0-4444-9661-76DA7C92A12E}.Release|Any CPU.ActiveCfg = Release|Any CPU
		{55A49280-F2D0-4444-9661-76DA7C92A12E}.Release|Any CPU.Build.0 = Release|Any CPU
		{55A49280-F2D0-4444-9661-76DA7C92A12E}.Release|x64.ActiveCfg = Release|Any CPU
		{55A49280-F2D0-4444-9661-76DA7C92A12E}.Release|x64.Build.0 = Release|Any CPU
		{55A49280-F2D0-4444-9661-76DA7C92A12E}.Release|x86.ActiveCfg = Release|Any CPU
		{55A49280-F2D0-4444-9661-76DA7C92A12E}.Release|x86.Build.0 = Release|Any CPU
		{E6090625-5871-4B87-B638-D9F0BA851AC5}.Debug|Any CPU.ActiveCfg = Debug|Any CPU
		{E6090625-5871-4B87-B638-D9F0BA851AC5}.Debug|Any CPU.Build.0 = Debug|Any CPU
		{E6090625-5871-4B87-B638-D9F0BA851AC5}.Debug|x64.ActiveCfg = Debug|Any CPU
		{E6090625-5871-4B87-B638-D9F0BA851AC5}.Debug|x64.Build.0 = Debug|Any CPU
		{E6090625-5871-4B87-B638-D9F0BA851AC5}.Debug|x86.ActiveCfg = Debug|Any CPU
		{E6090625-5871-4B87-B638-D9F0BA851AC5}.Debug|x86.Build.0 = Debug|Any CPU
		{E6090625-5871-4B87-B638-D9F0BA851AC5}.Release|Any CPU.ActiveCfg = Release|Any CPU
		{E6090625-5871-4B87-B638-D9F0BA851AC5}.Release|Any CPU.Build.0 = Release|Any CPU
		{E6090625-5871-4B87-B638-D9F0BA851AC5}.Release|x64.ActiveCfg = Release|Any CPU
		{E6090625-5871-4B87-B638-D9F0BA851AC5}.Release|x64.Build.0 = Release|Any CPU
		{E6090625-5871-4B87-B638-D9F0BA851AC5}.Release|x86.ActiveCfg = Release|Any CPU
		{E6090625-5871-4B87-B638-D9F0BA851AC5}.Release|x86.Build.0 = Release|Any CPU
		{4B1D1C74-C169-4BEE-BC38-C10BDDE954E0}.Debug|Any CPU.ActiveCfg = Debug|Any CPU
		{4B1D1C74-C169-4BEE-BC38-C10BDDE954E0}.Debug|Any CPU.Build.0 = Debug|Any CPU
		{4B1D1C74-C169-4BEE-BC38-C10BDDE954E0}.Debug|x64.ActiveCfg = Debug|Any CPU
		{4B1D1C74-C169-4BEE-BC38-C10BDDE954E0}.Debug|x64.Build.0 = Debug|Any CPU
		{4B1D1C74-C169-4BEE-BC38-C10BDDE954E0}.Debug|x86.ActiveCfg = Debug|Any CPU
		{4B1D1C74-C169-4BEE-BC38-C10BDDE954E0}.Debug|x86.Build.0 = Debug|Any CPU
		{4B1D1C74-C169-4BEE-BC38-C10BDDE954E0}.Release|Any CPU.ActiveCfg = Release|Any CPU
		{4B1D1C74-C169-4BEE-BC38-C10BDDE954E0}.Release|Any CPU.Build.0 = Release|Any CPU
		{4B1D1C74-C169-4BEE-BC38-C10BDDE954E0}.Release|x64.ActiveCfg = Release|Any CPU
		{4B1D1C74-C169-4BEE-BC38-C10BDDE954E0}.Release|x64.Build.0 = Release|Any CPU
		{4B1D1C74-C169-4BEE-BC38-C10BDDE954E0}.Release|x86.ActiveCfg = Release|Any CPU
		{4B1D1C74-C169-4BEE-BC38-C10BDDE954E0}.Release|x86.Build.0 = Release|Any CPU
		{CC1008B3-5C38-470A-A500-E8E1429A6844}.Debug|Any CPU.ActiveCfg = Debug|Any CPU
		{CC1008B3-5C38-470A-A500-E8E1429A6844}.Debug|Any CPU.Build.0 = Debug|Any CPU
		{CC1008B3-5C38-470A-A500-E8E1429A6844}.Debug|x64.ActiveCfg = Debug|Any CPU
		{CC1008B3-5C38-470A-A500-E8E1429A6844}.Debug|x64.Build.0 = Debug|Any CPU
		{CC1008B3-5C38-470A-A500-E8E1429A6844}.Debug|x86.ActiveCfg = Debug|Any CPU
		{CC1008B3-5C38-470A-A500-E8E1429A6844}.Debug|x86.Build.0 = Debug|Any CPU
		{CC1008B3-5C38-470A-A500-E8E1429A6844}.Release|Any CPU.ActiveCfg = Release|Any CPU
		{CC1008B3-5C38-470A-A500-E8E1429A6844}.Release|Any CPU.Build.0 = Release|Any CPU
		{CC1008B3-5C38-470A-A500-E8E1429A6844}.Release|x64.ActiveCfg = Release|Any CPU
		{CC1008B3-5C38-470A-A500-E8E1429A6844}.Release|x64.Build.0 = Release|Any CPU
		{CC1008B3-5C38-470A-A500-E8E1429A6844}.Release|x86.ActiveCfg = Release|Any CPU
		{CC1008B3-5C38-470A-A500-E8E1429A6844}.Release|x86.Build.0 = Release|Any CPU
		{8244554D-1F8C-4D6E-960A-F7EB10977C8B}.Debug|Any CPU.ActiveCfg = Debug|Any CPU
		{8244554D-1F8C-4D6E-960A-F7EB10977C8B}.Debug|Any CPU.Build.0 = Debug|Any CPU
		{8244554D-1F8C-4D6E-960A-F7EB10977C8B}.Debug|x64.ActiveCfg = Debug|Any CPU
		{8244554D-1F8C-4D6E-960A-F7EB10977C8B}.Debug|x64.Build.0 = Debug|Any CPU
		{8244554D-1F8C-4D6E-960A-F7EB10977C8B}.Debug|x86.ActiveCfg = Debug|Any CPU
		{8244554D-1F8C-4D6E-960A-F7EB10977C8B}.Debug|x86.Build.0 = Debug|Any CPU
		{8244554D-1F8C-4D6E-960A-F7EB10977C8B}.Release|Any CPU.ActiveCfg = Release|Any CPU
		{8244554D-1F8C-4D6E-960A-F7EB10977C8B}.Release|Any CPU.Build.0 = Release|Any CPU
		{8244554D-1F8C-4D6E-960A-F7EB10977C8B}.Release|x64.ActiveCfg = Release|Any CPU
		{8244554D-1F8C-4D6E-960A-F7EB10977C8B}.Release|x64.Build.0 = Release|Any CPU
		{8244554D-1F8C-4D6E-960A-F7EB10977C8B}.Release|x86.ActiveCfg = Release|Any CPU
		{8244554D-1F8C-4D6E-960A-F7EB10977C8B}.Release|x86.Build.0 = Release|Any CPU
		{F6737B83-2D48-497D-B075-9F150BFC1615}.Debug|Any CPU.ActiveCfg = Debug|Any CPU
		{F6737B83-2D48-497D-B075-9F150BFC1615}.Debug|Any CPU.Build.0 = Debug|Any CPU
		{F6737B83-2D48-497D-B075-9F150BFC1615}.Debug|x64.ActiveCfg = Debug|Any CPU
		{F6737B83-2D48-497D-B075-9F150BFC1615}.Debug|x64.Build.0 = Debug|Any CPU
		{F6737B83-2D48-497D-B075-9F150BFC1615}.Debug|x86.ActiveCfg = Debug|Any CPU
		{F6737B83-2D48-497D-B075-9F150BFC1615}.Debug|x86.Build.0 = Debug|Any CPU
		{F6737B83-2D48-497D-B075-9F150BFC1615}.Release|Any CPU.ActiveCfg = Release|Any CPU
		{F6737B83-2D48-497D-B075-9F150BFC1615}.Release|Any CPU.Build.0 = Release|Any CPU
		{F6737B83-2D48-497D-B075-9F150BFC1615}.Release|x64.ActiveCfg = Release|Any CPU
		{F6737B83-2D48-497D-B075-9F150BFC1615}.Release|x64.Build.0 = Release|Any CPU
		{F6737B83-2D48-497D-B075-9F150BFC1615}.Release|x86.ActiveCfg = Release|Any CPU
		{F6737B83-2D48-497D-B075-9F150BFC1615}.Release|x86.Build.0 = Release|Any CPU
	EndGlobalSection
	GlobalSection(SolutionProperties) = preSolution
		HideSolutionNode = FALSE
	EndGlobalSection
	GlobalSection(NestedProjects) = preSolution
		{CACCCCB7-3DE9-4994-A2A1-00FA1DA812F6} = {827E0CD3-B72D-47B6-A68D-7590B98EB39B}
		{4FEED444-D856-4DFE-8A57-20E54F638C77} = {0AB3BF05-4346-4AA6-1389-037BE0695223}
		{A552E3A1-3728-4BA3-8DB8-8EC84EF8288E} = {0AB3BF05-4346-4AA6-1389-037BE0695223}
		{B1C2D3E4-F5A6-4789-9ABC-DEF012345601} = {0AB3BF05-4346-4AA6-1389-037BE0695223}
		{C2D3E4F5-A6B7-4890-9BCD-EF0123456702} = {0AB3BF05-4346-4AA6-1389-037BE0695223}
		{179D89FC-030B-48CD-9893-D33E87FF1135} = {827E0CD3-B72D-47B6-A68D-7590B98EB39B}
		{66951EE4-0185-4F92-9C80-B8C7B8D9A761} = {0AB3BF05-4346-4AA6-1389-037BE0695223}
		{FE28B1F8-2DA1-4A94-974C-43AA8BEA40B7} = {0AB3BF05-4346-4AA6-1389-037BE0695223}
		{975387A7-B48B-4FD2-96F0-238BA8580CBC} = {827E0CD3-B72D-47B6-A68D-7590B98EB39B}
		{F576E841-7626-42CC-A075-33A5A202630F} = {0AB3BF05-4346-4AA6-1389-037BE0695223}
		{B14807A0-7583-47E5-B14E-C5D20C2ADFDF} = {0AB3BF05-4346-4AA6-1389-037BE0695223}
		{4FEE0B63-0BF4-4E66-B924-DB1BD936D93D} = {827E0CD3-B72D-47B6-A68D-7590B98EB39B}
		{8E1EA724-F7D2-4B9A-BBBB-1C53974C1DA2} = {0AB3BF05-4346-4AA6-1389-037BE0695223}
		{48857E22-8F09-4226-B7BB-2770440B8742} = {0AB3BF05-4346-4AA6-1389-037BE0695223}
		{9A336915-9724-4655-8617-50ECF396C5A1} = {827E0CD3-B72D-47B6-A68D-7590B98EB39B}
		{784E504C-2498-48AA-A08D-22FF9D6D0837} = {0AB3BF05-4346-4AA6-1389-037BE0695223}
		{6724D109-A325-4D12-AEE9-BD47297EDEA4} = {0AB3BF05-4346-4AA6-1389-037BE0695223}
		{55A49280-F2D0-4444-9661-76DA7C92A12E} = {827E0CD3-B72D-47B6-A68D-7590B98EB39B}
		{E6090625-5871-4B87-B638-D9F0BA851AC5} = {0AB3BF05-4346-4AA6-1389-037BE0695223}
		{4B1D1C74-C169-4BEE-BC38-C10BDDE954E0} = {0AB3BF05-4346-4AA6-1389-037BE0695223}
		{CC1008B3-5C38-470A-A500-E8E1429A6844} = {827E0CD3-B72D-47B6-A68D-7590B98EB39B}
		{8244554D-1F8C-4D6E-960A-F7EB10977C8B} = {0AB3BF05-4346-4AA6-1389-037BE0695223}
		{F6737B83-2D48-497D-B075-9F150BFC1615} = {0AB3BF05-4346-4AA6-1389-037BE0695223}
	EndGlobalSection
EndGlobal
