
Microsoft Visual Studio Solution File, Format Version 12.00
# Visual Studio 15
VisualStudioVersion = 15.0.26730.10
MinimumVisualStudioVersion = 10.0.40219.1
Project("{FAE04EC0-301F-11D3-BF4B-00C04F79EFBC}") = "CryptoExchanges.Net", "CryptoExchanges.Net\CryptoExchanges.Net.csproj", "{F46890E6-D9CD-4324-A636-21CE7CA1F153}"
EndProject
Project("{2150E333-8FDC-42A3-9474-1A3956D46DE8}") = "Core", "Core", "{C08F659A-59C9-4675-8CB0-2DCE5C5A00CF}"
EndProject
Project("{FAE04EC0-301F-11D3-BF4B-00C04F79EFBC}") = "CryptoExchanges.Net.DI", "CryptoExchanges.Net.DI\CryptoExchanges.Net.DI.csproj", "{9E27D673-8FED-497E-BB51-05A557999FEA}"
EndProject
Project("{FAE04EC0-301F-11D3-BF4B-00C04F79EFBC}") = "CryptoExchanges.Net.Domain", "CryptoExchanges.Net.Domain\CryptoExchanges.Net.Domain.csproj", "{4EADF056-78C8-45A6-87CE-8AF994BAEA92}"
EndProject
Project("{FAE04EC0-301F-11D3-BF4B-00C04F79EFBC}") = "CryptoExchanges.Net.Models", "CryptoExchanges.Net.Models\CryptoExchanges.Net.Models.csproj", "{D27B812F-8BAF-4718-A121-93BF4430BCC3}"
EndProject
Project("{FAE04EC0-301F-11D3-BF4B-00C04F79EFBC}") = "CryptoExchanges.Net.Binance", "CryptoExchanges.Net.Logic\CryptoExchanges.Net.Binance.csproj", "{73E75EFB-FC5D-46E8-B73F-30270A4C2760}"
EndProject
Project("{FAE04EC0-301F-11D3-BF4B-00C04F79EFBC}") = "CryptoExchanges.Net.Test", "CryptoExchanges.Net.Test\CryptoExchanges.Net.Test.csproj", "{79F15A68-E9B2-4D18-B43C-1401397F13D7}"
EndProject
Project("{2150E333-8FDC-42A3-9474-1A3956D46DE8}") = "Exchanges Implementation", "Exchanges Implementation", "{C37412D0-7C22-4454-8A9B-D8FE76273E89}"
EndProject
Global
	GlobalSection(SolutionConfigurationPlatforms) = preSolution
		Debug|Any CPU = Debug|Any CPU
		Release|Any CPU = Release|Any CPU
	EndGlobalSection
	GlobalSection(ProjectConfigurationPlatforms) = postSolution
		{F46890E6-D9CD-4324-A636-21CE7CA1F153}.Debug|Any CPU.ActiveCfg = Debug|Any CPU
		{F46890E6-D9CD-4324-A636-21CE7CA1F153}.Debug|Any CPU.Build.0 = Debug|Any CPU
		{F46890E6-D9CD-4324-A636-21CE7CA1F153}.Release|Any CPU.ActiveCfg = Release|Any CPU
		{F46890E6-D9CD-4324-A636-21CE7CA1F153}.Release|Any CPU.Build.0 = Release|Any CPU
		{9E27D673-8FED-497E-BB51-05A557999FEA}.Debug|Any CPU.ActiveCfg = Debug|Any CPU
		{9E27D673-8FED-497E-BB51-05A557999FEA}.Debug|Any CPU.Build.0 = Debug|Any CPU
		{9E27D673-8FED-497E-BB51-05A557999FEA}.Release|Any CPU.ActiveCfg = Release|Any CPU
		{9E27D673-8FED-497E-BB51-05A557999FEA}.Release|Any CPU.Build.0 = Release|Any CPU
		{4EADF056-78C8-45A6-87CE-8AF994BAEA92}.Debug|Any CPU.ActiveCfg = Debug|Any CPU
		{4EADF056-78C8-45A6-87CE-8AF994BAEA92}.Debug|Any CPU.Build.0 = Debug|Any CPU
		{4EADF056-78C8-45A6-87CE-8AF994BAEA92}.Release|Any CPU.ActiveCfg = Release|Any CPU
		{4EADF056-78C8-45A6-87CE-8AF994BAEA92}.Release|Any CPU.Build.0 = Release|Any CPU
		{D27B812F-8BAF-4718-A121-93BF4430BCC3}.Debug|Any CPU.ActiveCfg = Debug|Any CPU
		{D27B812F-8BAF-4718-A121-93BF4430BCC3}.Debug|Any CPU.Build.0 = Debug|Any CPU
		{D27B812F-8BAF-4718-A121-93BF4430BCC3}.Release|Any CPU.ActiveCfg = Release|Any CPU
		{D27B812F-8BAF-4718-A121-93BF4430BCC3}.Release|Any CPU.Build.0 = Release|Any CPU
		{73E75EFB-FC5D-46E8-B73F-30270A4C2760}.Debug|Any CPU.ActiveCfg = Debug|Any CPU
		{73E75EFB-FC5D-46E8-B73F-30270A4C2760}.Debug|Any CPU.Build.0 = Debug|Any CPU
		{73E75EFB-FC5D-46E8-B73F-30270A4C2760}.Release|Any CPU.ActiveCfg = Release|Any CPU
		{73E75EFB-FC5D-46E8-B73F-30270A4C2760}.Release|Any CPU.Build.0 = Release|Any CPU
		{79F15A68-E9B2-4D18-B43C-1401397F13D7}.Debug|Any CPU.ActiveCfg = Debug|Any CPU
		{79F15A68-E9B2-4D18-B43C-1401397F13D7}.Debug|Any CPU.Build.0 = Debug|Any CPU
		{79F15A68-E9B2-4D18-B43C-1401397F13D7}.Release|Any CPU.ActiveCfg = Release|Any CPU
		{79F15A68-E9B2-4D18-B43C-1401397F13D7}.Release|Any CPU.Build.0 = Release|Any CPU
	EndGlobalSection
	GlobalSection(SolutionProperties) = preSolution
		HideSolutionNode = FALSE
	EndGlobalSection
	GlobalSection(NestedProjects) = preSolution
		{9E27D673-8FED-497E-BB51-05A557999FEA} = {C08F659A-59C9-4675-8CB0-2DCE5C5A00CF}
		{4EADF056-78C8-45A6-87CE-8AF994BAEA92} = {C08F659A-59C9-4675-8CB0-2DCE5C5A00CF}
		{D27B812F-8BAF-4718-A121-93BF4430BCC3} = {C08F659A-59C9-4675-8CB0-2DCE5C5A00CF}
		{73E75EFB-FC5D-46E8-B73F-30270A4C2760} = {C37412D0-7C22-4454-8A9B-D8FE76273E89}
	EndGlobalSection
	GlobalSection(ExtensibilityGlobals) = postSolution
		SolutionGuid = {760ACA1C-5997-4AC5-B849-2C0EB646E343}
	EndGlobalSection
EndGlobal
